<?xml version="1.0" encoding="utf-8"?>
<Project ToolsVersion="4.0" xmlns="http://schemas.microsoft.com/developer/msbuild/2003">
  <ItemGroup>
    <Filter Include="Source Files">
      <UniqueIdentifier>{4FC737F1-C7A5-4376-A066-2A32D752A2FF}</UniqueIdentifier>
      <Extensions>cpp;c;cc;cxx;c++;cppm;ixx;def;odl;idl;hpj;bat;asm;asmx</Extensions>
    </Filter>
    <Filter Include="Header Files">
      <UniqueIdentifier>{93995380-89BD-4b04-88EB-625FBE52EBFB}</UniqueIdentifier>
      <Extensions>h;hh;hpp;hxx;h++;hm;inl;inc;ipp;xsd</Extensions>
    </Filter>
    <Filter Include="Resource Files">
      <UniqueIdentifier>{67DA6AB6-F800-4c08-8B7A-83BB121AAD01}</UniqueIdentifier>
      <Extensions>rc;ico;cur;bmp;dlg;rc2;rct;bin;rgs;gif;jpg;jpeg;jpe;resx;tiff;tif;png;wav;mfcribbon-ms</Extensions>
    </Filter>
    <Filter Include="Source Files\Textures">
      <UniqueIdentifier>{f5bb50de-6144-455a-8c5f-f0f84086bdcd}</UniqueIdentifier>
    </Filter>
    <Filter Include="Header Files\Textures">
      <UniqueIdentifier>{fff80bd9-92a2-4739-8e71-b1faec014722}</UniqueIdentifier>
    </Filter>
    <Filter Include="Source Files\Textures\Helpers">
      <UniqueIdentifier>{a9dca2e9-6680-41ab-8582-88c7adae09f5}</UniqueIdentifier>
    </Filter>
    <Filter Include="Header Files\Textures\Helpers">
      <UniqueIdentifier>{8008fcef-78fc-4826-8a36-ac5543cb4739}</UniqueIdentifier>
    </Filter>
    <Filter Include="Source Files\Textures\Abstracts">
      <UniqueIdentifier>{b033944f-a6b2-4538-9770-59efeff2d6e0}</UniqueIdentifier>
    </Filter>
    <Filter Include="Header Files\Textures\Models">
      <UniqueIdentifier>{b2fd17a6-d00a-4788-8536-694f853fedd0}</UniqueIdentifier>
    </Filter>
  </ItemGroup>
  <ItemGroup>
    <ClInclude Include="src\BlockCharacter.h">
      <Filter>Header Files</Filter>
    </ClInclude>
    <ClInclude Include="src\Other.h">
      <Filter>Header Files</Filter>
    </ClInclude>
    <ClInclude Include="src\Stage.h">
      <Filter>Header Files</Filter>
    </ClInclude>
    <ClInclude Include="src\TextureLoader.h">
      <Filter>Header Files\Textures\Helpers</Filter>
    </ClInclude>
    <ClInclude Include="src\GameLauncher.h">
      <Filter>Header Files</Filter>
    </ClInclude>
    <ClInclude Include="src\TextureType.h">
      <Filter>Header Files\Textures</Filter>
    </ClInclude>
    <ClInclude Include="src\TexturePack.h">
      <Filter>Header Files\Textures</Filter>
    </ClInclude>
    <ClInclude Include="src\TextureLoadData.h">
      <Filter>Header Files\Textures\Models</Filter>
    </ClInclude>
  </ItemGroup>
  <ItemGroup>
    <Image Include="images\black_block.png">
      <Filter>Resource Files</Filter>
    </Image>
    <Image Include="images\black_block_bordered.png">
      <Filter>Resource Files</Filter>
    </Image>
    <Image Include="images\blank.png">
      <Filter>Resource Files</Filter>
    </Image>
    <Image Include="images\blank_bordered.png">
      <Filter>Resource Files</Filter>
    </Image>
    <Image Include="images\cauldron.png">
      <Filter>Resource Files</Filter>
    </Image>
    <Image Include="images\image.png">
      <Filter>Resource Files</Filter>
    </Image>
    <Image Include="images\pionek.png">
      <Filter>Resource Files</Filter>
    </Image>
  </ItemGroup>
  <ItemGroup>
    <Text Include="stage_to_load.txt">
      <Filter>Resource Files</Filter>
    </Text>
  </ItemGroup>
  <ItemGroup>
    <ClCompile Include="src\BlockCharacter.cpp">
      <Filter>Source Files</Filter>
    </ClCompile>
    <ClCompile Include="src\Main.cpp">
      <Filter>Source Files</Filter>
    </ClCompile>
    <ClCompile Include="src\Other.cpp">
      <Filter>Source Files</Filter>
    </ClCompile>
    <ClCompile Include="src\Stage.cpp">
      <Filter>Source Files</Filter>
    </ClCompile>
    <ClCompile Include="src\TextureLoader.cpp">
      <Filter>Source Files\Textures\Helpers</Filter>
    </ClCompile>
    <ClCompile Include="src\GameLauncher.cpp">
      <Filter>Source Files</Filter>
    </ClCompile>
    <ClCompile Include="src\TexturePack.cpp">
      <Filter>Source Files\Textures</Filter>
    </ClCompile>
  </ItemGroup>
</Project>